// !$*UTF8*$!
{
	archiveVersion = 1;
	classes = {
	};
	objectVersion = 77;
	objects = {

/* Begin PBXBuildFile section */
		C7B4FB102E6411830017569D /* FirebaseAnalytics in Frameworks */ = {isa = PBXBuildFile; productRef = C7B4FB0F2E6411830017569D /* FirebaseAnalytics */; };
		C7B4FB122E6411830017569D /* FirebaseAuth in Frameworks */ = {isa = PBXBuildFile; productRef = C7B4FB112E6411830017569D /* FirebaseAuth */; };
		C7B4FB142E6411830017569D /* FirebaseCore in Frameworks */ = {isa = PBXBuildFile; productRef = C7B4FB132E6411830017569D /* FirebaseCore */; };
		C7B4FB162E6411830017569D /* FirebaseCrashlytics in Frameworks */ = {isa = PBXBuildFile; productRef = C7B4FB152E6411830017569D /* FirebaseCrashlytics */; };
		C7B4FB182E6411830017569D /* FirebaseFirestore in Frameworks */ = {isa = PBXBuildFile; productRef = C7B4FB172E6411830017569D /* FirebaseFirestore */; };
/* End PBXBuildFile section */

/* Begin PBXContainerItemProxy section */
		C7DA739A2E63FE5100331A4A /* PBXContainerItemProxy */ = {
			isa = PBXContainerItemProxy;
			containerPortal = C7DA73832E63FE5000331A4A /* Project object */;
			proxyType = 1;
			remoteGlobalIDString = C7DA738A2E63FE5000331A4A;
			remoteInfo = keepitfresh;
		};
		C7DA73A42E63FE5100331A4A /* PBXContainerItemProxy */ = {
			isa = PBXContainerItemProxy;
			containerPortal = C7DA73832E63FE5000331A4A /* Project object */;
			proxyType = 1;
			remoteGlobalIDString = C7DA738A2E63FE5000331A4A;
			remoteInfo = keepitfresh;
		};
/* End PBXContainerItemProxy section */

/* Begin PBXFileReference section */
		C7DA738B2E63FE5000331A4A /* keepitfresh.app */ = {isa = PBXFileReference; explicitFileType = wrapper.application; includeInIndex = 0; path = keepitfresh.app; sourceTree = BUILT_PRODUCTS_DIR; };
		C7DA73992E63FE5100331A4A /* keepitfreshTests.xctest */ = {isa = PBXFileReference; explicitFileType = wrapper.cfbundle; includeInIndex = 0; path = keepitfreshTests.xctest; sourceTree = BUILT_PRODUCTS_DIR; };
		C7DA73A32E63FE5100331A4A /* keepitfreshUITests.xctest */ = {isa = PBXFileReference; explicitFileType = wrapper.cfbundle; includeInIndex = 0; path = keepitfreshUITests.xctest; sourceTree = BUILT_PRODUCTS_DIR; };
/* End PBXFileReference section */

/* Begin PBXFileSystemSynchronizedRootGroup section */
		C7DA738D2E63FE5000331A4A /* keepitfresh */ = {
			isa = PBXFileSystemSynchronizedRootGroup;
			path = keepitfresh;
			sourceTree = "<group>";
		};
		C7DA739C2E63FE5100331A4A /* keepitfreshTests */ = {
			isa = PBXFileSystemSynchronizedRootGroup;
			path = keepitfreshTests;
			sourceTree = "<group>";
		};
		C7DA73A62E63FE5100331A4A /* keepitfreshUITests */ = {
			isa = PBXFileSystemSynchronizedRootGroup;
			path = keepitfreshUITests;
			sourceTree = "<group>";
		};
/* End PBXFileSystemSynchronizedRootGroup section */

/* Begin PBXFrameworksBuildPhase section */
		C7DA73882E63FE5000331A4A /* Frameworks */ = {
			isa = PBXFrameworksBuildPhase;
			buildActionMask = 2147483647;
			files = (
				C7B4FB102E6411830017569D /* FirebaseAnalytics in Frameworks */,
				C7B4FB162E6411830017569D /* FirebaseCrashlytics in Frameworks */,
				C7B4FB142E6411830017569D /* FirebaseCore in Frameworks */,
				C7B4FB182E6411830017569D /* FirebaseFirestore in Frameworks */,
				C7B4FB122E6411830017569D /* FirebaseAuth in Frameworks */,
			);
			runOnlyForDeploymentPostprocessing = 0;
		};
		C7DA73962E63FE5100331A4A /* Frameworks */ = {
			isa = PBXFrameworksBuildPhase;
			buildActionMask = 2147483647;
			files = (
			);
			runOnlyForDeploymentPostprocessing = 0;
		};
		C7DA73A02E63FE5100331A4A /* Frameworks */ = {
			isa = PBXFrameworksBuildPhase;
			buildActionMask = 2147483647;
			files = (
			);
			runOnlyForDeploymentPostprocessing = 0;
		};
/* End PBXFrameworksBuildPhase section */

/* Begin PBXGroup section */
		C7DA73822E63FE5000331A4A = {
			isa = PBXGroup;
			children = (
				C7DA738D2E63FE5000331A4A /* keepitfresh */,
				C7DA739C2E63FE5100331A4A /* keepitfreshTests */,
				C7DA73A62E63FE5100331A4A /* keepitfreshUITests */,
				C7DA738C2E63FE5000331A4A /* Products */,
			);
			sourceTree = "<group>";
		};
		C7DA738C2E63FE5000331A4A /* Products */ = {
			isa = PBXGroup;
			children = (
				C7DA738B2E63FE5000331A4A /* keepitfresh.app */,
				C7DA73992E63FE5100331A4A /* keepitfreshTests.xctest */,
				C7DA73A32E63FE5100331A4A /* keepitfreshUITests.xctest */,
			);
			name = Products;
			sourceTree = "<group>";
		};
/* End PBXGroup section */

/* Begin PBXNativeTarget section */
		C7DA738A2E63FE5000331A4A /* keepitfresh */ = {
			isa = PBXNativeTarget;
			buildConfigurationList = C7DA73AD2E63FE5100331A4A /* Build configuration list for PBXNativeTarget "keepitfresh" */;
			buildPhases = (
				C7DA73872E63FE5000331A4A /* Sources */,
				C7DA73882E63FE5000331A4A /* Frameworks */,
				C7DA73892E63FE5000331A4A /* Resources */,
			);
			buildRules = (
			);
			dependencies = (
			);
			fileSystemSynchronizedGroups = (
				C7DA738D2E63FE5000331A4A /* keepitfresh */,
			);
			name = keepitfresh;
			packageProductDependencies = (
				C7B4FB0F2E6411830017569D /* FirebaseAnalytics */,
				C7B4FB112E6411830017569D /* FirebaseAuth */,
				C7B4FB132E6411830017569D /* FirebaseCore */,
				C7B4FB152E6411830017569D /* FirebaseCrashlytics */,
				C7B4FB172E6411830017569D /* FirebaseFirestore */,
			);
			productName = keepitfresh;
			productReference = C7DA738B2E63FE5000331A4A /* keepitfresh.app */;
			productType = "com.apple.product-type.application";
		};
		C7DA73982E63FE5100331A4A /* keepitfreshTests */ = {
			isa = PBXNativeTarget;
			buildConfigurationList = C7DA73B02E63FE5100331A4A /* Build configuration list for PBXNativeTarget "keepitfreshTests" */;
			buildPhases = (
				C7DA73952E63FE5100331A4A /* Sources */,
				C7DA73962E63FE5100331A4A /* Frameworks */,
				C7DA73972E63FE5100331A4A /* Resources */,
			);
			buildRules = (
			);
			dependencies = (
				C7DA739B2E63FE5100331A4A /* PBXTargetDependency */,
			);
			fileSystemSynchronizedGroups = (
				C7DA739C2E63FE5100331A4A /* keepitfreshTests */,
			);
			name = keepitfreshTests;
			packageProductDependencies = (
			);
			productName = keepitfreshTests;
			productReference = C7DA73992E63FE5100331A4A /* keepitfreshTests.xctest */;
			productType = "com.apple.product-type.bundle.unit-test";
		};
		C7DA73A22E63FE5100331A4A /* keepitfreshUITests */ = {
			isa = PBXNativeTarget;
			buildConfigurationList = C7DA73B32E63FE5100331A4A /* Build configuration list for PBXNativeTarget "keepitfreshUITests" */;
			buildPhases = (
				C7DA739F2E63FE5100331A4A /* Sources */,
				C7DA73A02E63FE5100331A4A /* Frameworks */,
				C7DA73A12E63FE5100331A4A /* Resources */,
			);
			buildRules = (
			);
			dependencies = (
				C7DA73A52E63FE5100331A4A /* PBXTargetDependency */,
			);
			fileSystemSynchronizedGroups = (
				C7DA73A62E63FE5100331A4A /* keepitfreshUITests */,
			);
			name = keepitfreshUITests;
			packageProductDependencies = (
			);
			productName = keepitfreshUITests;
			productReference = C7DA73A32E63FE5100331A4A /* keepitfreshUITests.xctest */;
			productType = "com.apple.product-type.bundle.ui-testing";
		};
/* End PBXNativeTarget section */

/* Begin PBXProject section */
		C7DA73832E63FE5000331A4A /* Project object */ = {
			isa = PBXProject;
			attributes = {
				BuildIndependentTargetsInParallel = 1;
				LastSwiftUpdateCheck = 1640;
				LastUpgradeCheck = 1640;
				TargetAttributes = {
					C7DA738A2E63FE5000331A4A = {
						CreatedOnToolsVersion = 16.4;
					};
					C7DA73982E63FE5100331A4A = {
						CreatedOnToolsVersion = 16.4;
						TestTargetID = C7DA738A2E63FE5000331A4A;
					};
					C7DA73A22E63FE5100331A4A = {
						CreatedOnToolsVersion = 16.4;
						TestTargetID = C7DA738A2E63FE5000331A4A;
					};
				};
			};
			buildConfigurationList = C7DA73862E63FE5000331A4A /* Build configuration list for PBXProject "keepitfresh" */;
			developmentRegion = en;
			hasScannedForEncodings = 0;
			knownRegions = (
				en,
				Base,
			);
			mainGroup = C7DA73822E63FE5000331A4A;
			minimizedProjectReferenceProxies = 1;
			packageReferences = (
				C7B4FB0E2E6411830017569D /* XCRemoteSwiftPackageReference "firebase-ios-sdk" */,
			);
			preferredProjectObjectVersion = 77;
			productRefGroup = C7DA738C2E63FE5000331A4A /* Products */;
			projectDirPath = "";
			projectRoot = "";
			targets = (
				C7DA738A2E63FE5000331A4A /* keepitfresh */,
				C7DA73982E63FE5100331A4A /* keepitfreshTests */,
				C7DA73A22E63FE5100331A4A /* keepitfreshUITests */,
			);
		};
/* End PBXProject section */

/* Begin PBXResourcesBuildPhase section */
		C7DA73892E63FE5000331A4A /* Resources */ = {
			isa = PBXResourcesBuildPhase;
			buildActionMask = 2147483647;
			files = (
			);
			runOnlyForDeploymentPostprocessing = 0;
		};
		C7DA73972E63FE5100331A4A /* Resources */ = {
			isa = PBXResourcesBuildPhase;
			buildActionMask = 2147483647;
			files = (
			);
			runOnlyForDeploymentPostprocessing = 0;
		};
		C7DA73A12E63FE5100331A4A /* Resources */ = {
			isa = PBXResourcesBuildPhase;
			buildActionMask = 2147483647;
			files = (
			);
			runOnlyForDeploymentPostprocessing = 0;
		};
/* End PBXResourcesBuildPhase section */

/* Begin PBXSourcesBuildPhase section */
		C7DA73872E63FE5000331A4A /* Sources */ = {
			isa = PBXSourcesBuildPhase;
			buildActionMask = 2147483647;
			files = (
			);
			runOnlyForDeploymentPostprocessing = 0;
		};
		C7DA73952E63FE5100331A4A /* Sources */ = {
			isa = PBXSourcesBuildPhase;
			buildActionMask = 2147483647;
			files = (
			);
			runOnlyForDeploymentPostprocessing = 0;
		};
		C7DA739F2E63FE5100331A4A /* Sources */ = {
			isa = PBXSourcesBuildPhase;
			buildActionMask = 2147483647;
			files = (
			);
			runOnlyForDeploymentPostprocessing = 0;
		};
/* End PBXSourcesBuildPhase section */

/* Begin PBXTargetDependency section */
		C7DA739B2E63FE5100331A4A /* PBXTargetDependency */ = {
			isa = PBXTargetDependency;
			target = C7DA738A2E63FE5000331A4A /* keepitfresh */;
			targetProxy = C7DA739A2E63FE5100331A4A /* PBXContainerItemProxy */;
		};
		C7DA73A52E63FE5100331A4A /* PBXTargetDependency */ = {
			isa = PBXTargetDependency;
			target = C7DA738A2E63FE5000331A4A /* keepitfresh */;
			targetProxy = C7DA73A42E63FE5100331A4A /* PBXContainerItemProxy */;
		};
/* End PBXTargetDependency section */

/* Begin XCBuildConfiguration section */
		C7DA73AB2E63FE5100331A4A /* Debug */ = {
			isa = XCBuildConfiguration;
			buildSettings = {
				ALWAYS_SEARCH_USER_PATHS = NO;
				ASSETCATALOG_COMPILER_GENERATE_SWIFT_ASSET_SYMBOL_EXTENSIONS = YES;
				CLANG_ANALYZER_NONNULL = YES;
				CLANG_ANALYZER_NUMBER_OBJECT_CONVERSION = YES_AGGRESSIVE;
				CLANG_CXX_LANGUAGE_STANDARD = "gnu++20";
				CLANG_ENABLE_MODULES = YES;
				CLANG_ENABLE_OBJC_ARC = YES;
				CLANG_ENABLE_OBJC_WEAK = YES;
				CLANG_WARN_BLOCK_CAPTURE_AUTORELEASING = YES;
				CLANG_WARN_BOOL_CONVERSION = YES;
				CLANG_WARN_COMMA = YES;
				CLANG_WARN_CONSTANT_CONVERSION = YES;
				CLANG_WARN_DEPRECATED_OBJC_IMPLEMENTATIONS = YES;
				CLANG_WARN_DIRECT_OBJC_ISA_USAGE = YES_ERROR;
				CLANG_WARN_DOCUMENTATION_COMMENTS = YES;
				CLANG_WARN_EMPTY_BODY = YES;
				CLANG_WARN_ENUM_CONVERSION = YES;
				CLANG_WARN_INFINITE_RECURSION = YES;
				CLANG_WARN_INT_CONVERSION = YES;
				CLANG_WARN_NON_LITERAL_NULL_CONVERSION = YES;
				CLANG_WARN_OBJC_IMPLICIT_RETAIN_SELF = YES;
				CLANG_WARN_OBJC_LITERAL_CONVERSION = YES;
				CLANG_WARN_OBJC_ROOT_CLASS = YES_ERROR;
				CLANG_WARN_QUOTED_INCLUDE_IN_FRAMEWORK_HEADER = YES;
				CLANG_WARN_RANGE_LOOP_ANALYSIS = YES;
				CLANG_WARN_STRICT_PROTOTYPES = YES;
				CLANG_WARN_SUSPICIOUS_MOVE = YES;
				CLANG_WARN_UNGUARDED_AVAILABILITY = YES_AGGRESSIVE;
				CLANG_WARN_UNREACHABLE_CODE = YES;
				CLANG_WARN__DUPLICATE_METHOD_MATCH = YES;
				COPY_PHASE_STRIP = NO;
				DEBUG_INFORMATION_FORMAT = dwarf;
				DEVELOPMENT_TEAM = 84RZ3875JQ;
				ENABLE_STRICT_OBJC_MSGSEND = YES;
				ENABLE_TESTABILITY = YES;
				ENABLE_USER_SCRIPT_SANDBOXING = YES;
				GCC_C_LANGUAGE_STANDARD = gnu17;
				GCC_DYNAMIC_NO_PIC = NO;
				GCC_NO_COMMON_BLOCKS = YES;
				GCC_OPTIMIZATION_LEVEL = 0;
				GCC_PREPROCESSOR_DEFINITIONS = (
					"DEBUG=1",
					"$(inherited)",
				);
				GCC_WARN_64_TO_32_BIT_CONVERSION = YES;
				GCC_WARN_ABOUT_RETURN_TYPE = YES_ERROR;
				GCC_WARN_UNDECLARED_SELECTOR = YES;
				GCC_WARN_UNINITIALIZED_AUTOS = YES_AGGRESSIVE;
				GCC_WARN_UNUSED_FUNCTION = YES;
				GCC_WARN_UNUSED_VARIABLE = YES;
				LOCALIZATION_PREFERS_STRING_CATALOGS = YES;
				MTL_ENABLE_DEBUG_INFO = INCLUDE_SOURCE;
				MTL_FAST_MATH = YES;
				ONLY_ACTIVE_ARCH = YES;
				SWIFT_ACTIVE_COMPILATION_CONDITIONS = "DEBUG $(inherited)";
				SWIFT_OPTIMIZATION_LEVEL = "-Onone";
			};
			name = Debug;
		};
		C7DA73AC2E63FE5100331A4A /* Release */ = {
			isa = XCBuildConfiguration;
			buildSettings = {
				ALWAYS_SEARCH_USER_PATHS = NO;
				ASSETCATALOG_COMPILER_GENERATE_SWIFT_ASSET_SYMBOL_EXTENSIONS = YES;
				CLANG_ANALYZER_NONNULL = YES;
				CLANG_ANALYZER_NUMBER_OBJECT_CONVERSION = YES_AGGRESSIVE;
				CLANG_CXX_LANGUAGE_STANDARD = "gnu++20";
				CLANG_ENABLE_MODULES = YES;
				CLANG_ENABLE_OBJC_ARC = YES;
				CLANG_ENABLE_OBJC_WEAK = YES;
				CLANG_WARN_BLOCK_CAPTURE_AUTORELEASING = YES;
				CLANG_WARN_BOOL_CONVERSION = YES;
				CLANG_WARN_COMMA = YES;
				CLANG_WARN_CONSTANT_CONVERSION = YES;
				CLANG_WARN_DEPRECATED_OBJC_IMPLEMENTATIONS = YES;
				CLANG_WARN_DIRECT_OBJC_ISA_USAGE = YES_ERROR;
				CLANG_WARN_DOCUMENTATION_COMMENTS = YES;
				CLANG_WARN_EMPTY_BODY = YES;
				CLANG_WARN_ENUM_CONVERSION = YES;
				CLANG_WARN_INFINITE_RECURSION = YES;
				CLANG_WARN_INT_CONVERSION = YES;
				CLANG_WARN_NON_LITERAL_NULL_CONVERSION = YES;
				CLANG_WARN_OBJC_IMPLICIT_RETAIN_SELF = YES;
				CLANG_WARN_OBJC_LITERAL_CONVERSION = YES;
				CLANG_WARN_OBJC_ROOT_CLASS = YES_ERROR;
				CLANG_WARN_QUOTED_INCLUDE_IN_FRAMEWORK_HEADER = YES;
				CLANG_WARN_RANGE_LOOP_ANALYSIS = YES;
				CLANG_WARN_STRICT_PROTOTYPES = YES;
				CLANG_WARN_SUSPICIOUS_MOVE = YES;
				CLANG_WARN_UNGUARDED_AVAILABILITY = YES_AGGRESSIVE;
				CLANG_WARN_UNREACHABLE_CODE = YES;
				CLANG_WARN__DUPLICATE_METHOD_MATCH = YES;
				COPY_PHASE_STRIP = NO;
				DEBUG_INFORMATION_FORMAT = "dwarf-with-dsym";
				DEVELOPMENT_TEAM = 84RZ3875JQ;
				ENABLE_NS_ASSERTIONS = NO;
				ENABLE_STRICT_OBJC_MSGSEND = YES;
				ENABLE_USER_SCRIPT_SANDBOXING = YES;
				GCC_C_LANGUAGE_STANDARD = gnu17;
				GCC_NO_COMMON_BLOCKS = YES;
				GCC_WARN_64_TO_32_BIT_CONVERSION = YES;
				GCC_WARN_ABOUT_RETURN_TYPE = YES_ERROR;
				GCC_WARN_UNDECLARED_SELECTOR = YES;
				GCC_WARN_UNINITIALIZED_AUTOS = YES_AGGRESSIVE;
				GCC_WARN_UNUSED_FUNCTION = YES;
				GCC_WARN_UNUSED_VARIABLE = YES;
				LOCALIZATION_PREFERS_STRING_CATALOGS = YES;
				MTL_ENABLE_DEBUG_INFO = NO;
				MTL_FAST_MATH = YES;
				SWIFT_COMPILATION_MODE = wholemodule;
			};
			name = Release;
		};
		C7DA73AE2E63FE5100331A4A /* Debug */ = {
			isa = XCBuildConfiguration;
			buildSettings = {
				ASSETCATALOG_COMPILER_APPICON_NAME = AppIcon;
				ASSETCATALOG_COMPILER_GLOBAL_ACCENT_COLOR_NAME = AccentColor;
				CODE_SIGN_ENTITLEMENTS = keepitfresh/Resources/keepitfresh.entitlements;
				CODE_SIGN_STYLE = Automatic;
				CURRENT_PROJECT_VERSION = 100;
				DEVELOPMENT_TEAM = 84RZ3875JQ;
				ENABLE_HARDENED_RUNTIME = YES;
				ENABLE_PREVIEWS = YES;
				GENERATE_INFOPLIST_FILE = YES;
				INFOPLIST_KEY_CFBundleDisplayName = "Keep It Fresh";
				INFOPLIST_KEY_LSApplicationCategoryType = "public.app-category.lifestyle";
				"INFOPLIST_KEY_UIApplicationSceneManifest_Generation[sdk=iphoneos*]" = YES;
				"INFOPLIST_KEY_UIApplicationSceneManifest_Generation[sdk=iphonesimulator*]" = YES;
				"INFOPLIST_KEY_UIApplicationSupportsIndirectInputEvents[sdk=iphoneos*]" = YES;
				"INFOPLIST_KEY_UIApplicationSupportsIndirectInputEvents[sdk=iphonesimulator*]" = YES;
				"INFOPLIST_KEY_UILaunchScreen_Generation[sdk=iphoneos*]" = YES;
				"INFOPLIST_KEY_UILaunchScreen_Generation[sdk=iphonesimulator*]" = YES;
				"INFOPLIST_KEY_UIStatusBarStyle[sdk=iphoneos*]" = UIStatusBarStyleDefault;
				"INFOPLIST_KEY_UIStatusBarStyle[sdk=iphonesimulator*]" = UIStatusBarStyleDefault;
				INFOPLIST_KEY_UISupportedInterfaceOrientations_iPad = "UIInterfaceOrientationPortrait UIInterfaceOrientationPortraitUpsideDown UIInterfaceOrientationLandscapeLeft UIInterfaceOrientationLandscapeRight";
				INFOPLIST_KEY_UISupportedInterfaceOrientations_iPhone = "UIInterfaceOrientationPortrait UIInterfaceOrientationLandscapeLeft UIInterfaceOrientationLandscapeRight";
				IPHONEOS_DEPLOYMENT_TARGET = 18.5;
				LD_RUNPATH_SEARCH_PATHS = "@executable_path/Frameworks";
				"LD_RUNPATH_SEARCH_PATHS[sdk=macosx*]" = "@executable_path/../Frameworks";
				MACOSX_DEPLOYMENT_TARGET = 15.5;
				MARKETING_VERSION = 1.0.0;
				PRODUCT_BUNDLE_IDENTIFIER = com.mus.keepitfresh;
				PRODUCT_NAME = "$(TARGET_NAME)";
				REGISTER_APP_GROUPS = YES;
				SDKROOT = auto;
				SUPPORTED_PLATFORMS = "iphoneos iphonesimulator macosx xros xrsimulator";
				SWIFT_EMIT_LOC_STRINGS = YES;
				SWIFT_VERSION = 5.0;
				TARGETED_DEVICE_FAMILY = "1,2,7";
				XROS_DEPLOYMENT_TARGET = 2.5;
			};
			name = Debug;
		};
		C7DA73AF2E63FE5100331A4A /* Release */ = {
			isa = XCBuildConfiguration;
			buildSettings = {
				ASSETCATALOG_COMPILER_APPICON_NAME = AppIcon;
				ASSETCATALOG_COMPILER_GLOBAL_ACCENT_COLOR_NAME = AccentColor;
				CODE_SIGN_ENTITLEMENTS = keepitfresh/Resources/keepitfresh.entitlements;
				CODE_SIGN_STYLE = Automatic;
				CURRENT_PROJECT_VERSION = 100;
				DEVELOPMENT_TEAM = 84RZ3875JQ;
				ENABLE_HARDENED_RUNTIME = YES;
				ENABLE_PREVIEWS = YES;
				GENERATE_INFOPLIST_FILE = YES;
				INFOPLIST_KEY_CFBundleDisplayName = "Keep It Fresh";
				INFOPLIST_KEY_LSApplicationCategoryType = "public.app-category.lifestyle";
				"INFOPLIST_KEY_UIApplicationSceneManifest_Generation[sdk=iphoneos*]" = YES;
				"INFOPLIST_KEY_UIApplicationSceneManifest_Generation[sdk=iphonesimulator*]" = YES;
				"INFOPLIST_KEY_UIApplicationSupportsIndirectInputEvents[sdk=iphoneos*]" = YES;
				"INFOPLIST_KEY_UIApplicationSupportsIndirectInputEvents[sdk=iphonesimulator*]" = YES;
				"INFOPLIST_KEY_UILaunchScreen_Generation[sdk=iphoneos*]" = YES;
				"INFOPLIST_KEY_UILaunchScreen_Generation[sdk=iphonesimulator*]" = YES;
				"INFOPLIST_KEY_UIStatusBarStyle[sdk=iphoneos*]" = UIStatusBarStyleDefault;
				"INFOPLIST_KEY_UIStatusBarStyle[sdk=iphonesimulator*]" = UIStatusBarStyleDefault;
				INFOPLIST_KEY_UISupportedInterfaceOrientations_iPad = "UIInterfaceOrientationPortrait UIInterfaceOrientationPortraitUpsideDown UIInterfaceOrientationLandscapeLeft UIInterfaceOrientationLandscapeRight";
				INFOPLIST_KEY_UISupportedInterfaceOrientations_iPhone = "UIInterfaceOrientationPortrait UIInterfaceOrientationLandscapeLeft UIInterfaceOrientationLandscapeRight";
				IPHONEOS_DEPLOYMENT_TARGET = 18.5;
				LD_RUNPATH_SEARCH_PATHS = "@executable_path/Frameworks";
				"LD_RUNPATH_SEARCH_PATHS[sdk=macosx*]" = "@executable_path/../Frameworks";
				MACOSX_DEPLOYMENT_TARGET = 15.5;
				MARKETING_VERSION = 1.0.0;
				PRODUCT_BUNDLE_IDENTIFIER = com.mus.keepitfresh;
				PRODUCT_NAME = "$(TARGET_NAME)";
				REGISTER_APP_GROUPS = YES;
				SDKROOT = auto;
				SUPPORTED_PLATFORMS = "iphoneos iphonesimulator macosx xros xrsimulator";
				SWIFT_EMIT_LOC_STRINGS = YES;
				SWIFT_VERSION = 5.0;
				TARGETED_DEVICE_FAMILY = "1,2,7";
				XROS_DEPLOYMENT_TARGET = 2.5;
			};
			name = Release;
		};
		C7DA73B12E63FE5100331A4A /* Debug */ = {
			isa = XCBuildConfiguration;
			buildSettings = {
				BUNDLE_LOADER = "$(TEST_HOST)";
				CODE_SIGN_STYLE = Automatic;
				CURRENT_PROJECT_VERSION = 1;
				DEVELOPMENT_TEAM = 84RZ3875JQ;
				GENERATE_INFOPLIST_FILE = YES;
				IPHONEOS_DEPLOYMENT_TARGET = 18.5;
				MACOSX_DEPLOYMENT_TARGET = 15.5;
				MARKETING_VERSION = 1.0;
				PRODUCT_BUNDLE_IDENTIFIER = com.mus.keepitfreshTests;
				PRODUCT_NAME = "$(TARGET_NAME)";
				SDKROOT = auto;
				SUPPORTED_PLATFORMS = "iphoneos iphonesimulator macosx xros xrsimulator";
				SWIFT_EMIT_LOC_STRINGS = NO;
				SWIFT_VERSION = 5.0;
				TARGETED_DEVICE_FAMILY = "1,2,7";
				TEST_HOST = "$(BUILT_PRODUCTS_DIR)/keepitfresh.app/$(BUNDLE_EXECUTABLE_FOLDER_PATH)/keepitfresh";
				XROS_DEPLOYMENT_TARGET = 2.5;
			};
			name = Debug;
		};
		C7DA73B22E63FE5100331A4A /* Release */ = {
			isa = XCBuildConfiguration;
			buildSettings = {
				BUNDLE_LOADER = "$(TEST_HOST)";
				CODE_SIGN_STYLE = Automatic;
				CURRENT_PROJECT_VERSION = 1;
				DEVELOPMENT_TEAM = 84RZ3875JQ;
				GENERATE_INFOPLIST_FILE = YES;
				IPHONEOS_DEPLOYMENT_TARGET = 18.5;
				MACOSX_DEPLOYMENT_TARGET = 15.5;
				MARKETING_VERSION = 1.0;
				PRODUCT_BUNDLE_IDENTIFIER = com.mus.keepitfreshTests;
				PRODUCT_NAME = "$(TARGET_NAME)";
				SDKROOT = auto;
				SUPPORTED_PLATFORMS = "iphoneos iphonesimulator macosx xros xrsimulator";
				SWIFT_EMIT_LOC_STRINGS = NO;
				SWIFT_VERSION = 5.0;
				TARGETED_DEVICE_FAMILY = "1,2,7";
				TEST_HOST = "$(BUILT_PRODUCTS_DIR)/keepitfresh.app/$(BUNDLE_EXECUTABLE_FOLDER_PATH)/keepitfresh";
				XROS_DEPLOYMENT_TARGET = 2.5;
			};
			name = Release;
		};
		C7DA73B42E63FE5100331A4A /* Debug */ = {
			isa = XCBuildConfiguration;
			buildSettings = {
				CODE_SIGN_STYLE = Automatic;
				CURRENT_PROJECT_VERSION = 1;
				DEVELOPMENT_TEAM = 84RZ3875JQ;
				GENERATE_INFOPLIST_FILE = YES;
				IPHONEOS_DEPLOYMENT_TARGET = 18.5;
				MACOSX_DEPLOYMENT_TARGET = 15.5;
				MARKETING_VERSION = 1.0;
				PRODUCT_BUNDLE_IDENTIFIER = com.mus.keepitfreshUITests;
				PRODUCT_NAME = "$(TARGET_NAME)";
				SDKROOT = auto;
				SUPPORTED_PLATFORMS = "iphoneos iphonesimulator macosx xros xrsimulator";
				SWIFT_EMIT_LOC_STRINGS = NO;
				SWIFT_VERSION = 5.0;
				TARGETED_DEVICE_FAMILY = "1,2,7";
				TEST_TARGET_NAME = keepitfresh;
				XROS_DEPLOYMENT_TARGET = 2.5;
			};
			name = Debug;
		};
		C7DA73B52E63FE5100331A4A /* Release */ = {
			isa = XCBuildConfiguration;
			buildSettings = {
				CODE_SIGN_STYLE = Automatic;
				CURRENT_PROJECT_VERSION = 1;
				DEVELOPMENT_TEAM = 84RZ3875JQ;
				GENERATE_INFOPLIST_FILE = YES;
				IPHONEOS_DEPLOYMENT_TARGET = 18.5;
				MACOSX_DEPLOYMENT_TARGET = 15.5;
				MARKETING_VERSION = 1.0;
				PRODUCT_BUNDLE_IDENTIFIER = com.mus.keepitfreshUITests;
				PRODUCT_NAME = "$(TARGET_NAME)";
				SDKROOT = auto;
				SUPPORTED_PLATFORMS = "iphoneos iphonesimulator macosx xros xrsimulator";
				SWIFT_EMIT_LOC_STRINGS = NO;
				SWIFT_VERSION = 5.0;
				TARGETED_DEVICE_FAMILY = "1,2,7";
				TEST_TARGET_NAME = keepitfresh;
				XROS_DEPLOYMENT_TARGET = 2.5;
			};
			name = Release;
		};
/* End XCBuildConfiguration section */

/* Begin XCConfigurationList section */
		C7DA73862E63FE5000331A4A /* Build configuration list for PBXProject "keepitfresh" */ = {
			isa = XCConfigurationList;
			buildConfigurations = (
				C7DA73AB2E63FE5100331A4A /* Debug */,
				C7DA73AC2E63FE5100331A4A /* Release */,
			);
			defaultConfigurationIsVisible = 0;
			defaultConfigurationName = Release;
		};
		C7DA73AD2E63FE5100331A4A /* Build configuration list for PBXNativeTarget "keepitfresh" */ = {
			isa = XCConfigurationList;
			buildConfigurations = (
				C7DA73AE2E63FE5100331A4A /* Debug */,
				C7DA73AF2E63FE5100331A4A /* Release */,
			);
			defaultConfigurationIsVisible = 0;
			defaultConfigurationName = Release;
		};
		C7DA73B02E63FE5100331A4A /* Build configuration list for PBXNativeTarget "keepitfreshTests" */ = {
			isa = XCConfigurationList;
			buildConfigurations = (
				C7DA73B12E63FE5100331A4A /* Debug */,
				C7DA73B22E63FE5100331A4A /* Release */,
			);
			defaultConfigurationIsVisible = 0;
			defaultConfigurationName = Release;
		};
		C7DA73B32E63FE5100331A4A /* Build configuration list for PBXNativeTarget "keepitfreshUITests" */ = {
			isa = XCConfigurationList;
			buildConfigurations = (
				C7DA73B42E63FE5100331A4A /* Debug */,
				C7DA73B52E63FE5100331A4A /* Release */,
			);
			defaultConfigurationIsVisible = 0;
			defaultConfigurationName = Release;
		};
/* End XCConfigurationList section */

/* Begin XCRemoteSwiftPackageReference section */
		C7B4FB0E2E6411830017569D /* XCRemoteSwiftPackageReference "firebase-ios-sdk" */ = {
			isa = XCRemoteSwiftPackageReference;
			repositoryURL = "https://github.com/firebase/firebase-ios-sdk";
			requirement = {
				kind = upToNextMajorVersion;
				minimumVersion = 12.2.0;
			};
		};
/* End XCRemoteSwiftPackageReference section */

/* Begin XCSwiftPackageProductDependency section */
		C7B4FB0F2E6411830017569D /* FirebaseAnalytics */ = {
			isa = XCSwiftPackageProductDependency;
			package = C7B4FB0E2E6411830017569D /* XCRemoteSwiftPackageReference "firebase-ios-sdk" */;
			productName = FirebaseAnalytics;
		};
		C7B4FB112E6411830017569D /* FirebaseAuth */ = {
			isa = XCSwiftPackageProductDependency;
			package = C7B4FB0E2E6411830017569D /* XCRemoteSwiftPackageReference "firebase-ios-sdk" */;
			productName = FirebaseAuth;
		};
		C7B4FB132E6411830017569D /* FirebaseCore */ = {
			isa = XCSwiftPackageProductDependency;
			package = C7B4FB0E2E6411830017569D /* XCRemoteSwiftPackageReference "firebase-ios-sdk" */;
			productName = FirebaseCore;
		};
		C7B4FB152E6411830017569D /* FirebaseCrashlytics */ = {
			isa = XCSwiftPackageProductDependency;
			package = C7B4FB0E2E6411830017569D /* XCRemoteSwiftPackageReference "firebase-ios-sdk" */;
			productName = FirebaseCrashlytics;
		};
		C7B4FB172E6411830017569D /* FirebaseFirestore */ = {
			isa = XCSwiftPackageProductDependency;
			package = C7B4FB0E2E6411830017569D /* XCRemoteSwiftPackageReference "firebase-ios-sdk" */;
			productName = FirebaseFirestore;
		};
/* End XCSwiftPackageProductDependency section */
	};
	rootObject = C7DA73832E63FE5000331A4A /* Project object */;
}
